
Microsoft Visual Studio Solution File, Format Version 12.00
# Visual Studio Version 17
VisualStudioVersion = 17.9.34622.214
MinimumVisualStudioVersion = 10.0.40219.1
Project("{FAE04EC0-301F-11D3-BF4B-00C04F79EFBC}") = "TheCrazyFrog", "TheCrazyFrog\TheCrazyFrog.csproj", "{A3CAF9CC-62C8-41C1-A5FC-4AE419088633}"
EndProject
Global
	GlobalSection(SolutionConfigurationPlatforms) = preSolution
		Debug|Any CPU = Debug|Any CPU
		Release|Any CPU = Release|Any CPU
	EndGlobalSection
	GlobalSection(ProjectConfigurationPlatforms) = postSolution
		{A3CAF9CC-62C8-41C1-A5FC-4AE419088633}.Debug|Any CPU.ActiveCfg = Debug|Any CPU
		{A3CAF9CC-62C8-41C1-A5FC-4AE419088633}.Debug|Any CPU.Build.0 = Debug|Any CPU
		{A3CAF9CC-62C8-41C1-A5FC-4AE419088633}.Release|Any CPU.ActiveCfg = Release|Any CPU
		{A3CAF9CC-62C8-41C1-A5FC-4AE419088633}.Release|Any CPU.Build.0 = Release|Any CPU
	EndGlobalSection
	GlobalSection(SolutionProperties) = preSolution
		HideSolutionNode = FALSE
	EndGlobalSection
	GlobalSection(ExtensibilityGlobals) = postSolution
		SolutionGuid = {78E5BA53-F2A7-4166-88BC-E036578C9B78}
	EndGlobalSection
EndGlobal
